
Microsoft Visual Studio Solution File, Format Version 12.00
# Visual Studio Version 17
VisualStudioVersion = 17.0.31903.59
MinimumVisualStudioVersion = 10.0.40219.1
Project("{FAE04EC0-301F-11D3-BF4B-00C04F79EFBC}") = "ggwave.net", "ggwave.net\ggwave.net.csproj", "{C4CED70D-94FC-43AD-A830-7172B2617038}"
EndProject
Project("{FAE04EC0-301F-11D3-BF4B-00C04F79EFBC}") = "ggwave.net.cli", "ggwave.net.cli\ggwave.net.cli.csproj", "{A03104CD-A469-4EF6-B332-63F47D4281B8}"
EndProject
Global
	GlobalSection(SolutionConfigurationPlatforms) = preSolution
		Debug|x64 = Debug|x64
		Release|x64 = Release|x64
	EndGlobalSection
	GlobalSection(ProjectConfigurationPlatforms) = postSolution
		{C4CED70D-94FC-43AD-A830-7172B2617038}.Debug|x64.ActiveCfg = Debug|Any CPU
		{C4CED70D-94FC-43AD-A830-7172B2617038}.Debug|x64.Build.0 = Debug|Any CPU
		{C4CED70D-94FC-43AD-A830-7172B2617038}.Release|x64.ActiveCfg = Release|Any CPU
		{C4CED70D-94FC-43AD-A830-7172B2617038}.Release|x64.Build.0 = Release|Any CPU
		{A03104CD-A469-4EF6-B332-63F47D4281B8}.Debug|x64.ActiveCfg = Debug|Any CPU
		{A03104CD-A469-4EF6-B332-63F47D4281B8}.Debug|x64.Build.0 = Debug|Any CPU
		{A03104CD-A469-4EF6-B332-63F47D4281B8}.Release|x64.ActiveCfg = Release|Any CPU
		{A03104CD-A469-4EF6-B332-63F47D4281B8}.Release|x64.Build.0 = Release|Any CPU
	EndGlobalSection
	GlobalSection(SolutionProperties) = preSolution
		HideSolutionNode = FALSE
	EndGlobalSection
EndGlobal
